{
  "version": 4,
  "terraform_version": "1.3.7",
  "serial": 84,
  "lineage": "ab062bba-0f42-bd1f-3715-f67dc69c7b2f",
  "outputs": {
    "vm-external-ip": {
      "value": "34.136.155.238",
      "type": "string"
    },
    "vm-internal-ip": {
      "value": "10.10.1.16",
      "type": "string"
    },
    "vm-name": {
      "value": "terra-gcp-vm-96a9d962",
      "type": "string"
    }
  },
  "resources": [
    {
      "mode": "managed",
      "type": "google_compute_firewall",
      "name": "default",
      "provider": "provider[\"registry.terraform.io/hashicorp/google\"]",
      "instances": [
        {
          "schema_version": 1,
          "attributes": {
            "allow": [
              {
                "ports": [
                  "80",
                  "8080",
                  "0-9999"
                ],
                "protocol": "tcp"
              },
              {
                "ports": [],
                "protocol": "icmp"
              }
            ],
            "creation_timestamp": "2023-01-27T05:37:15.553-08:00",
            "deny": [],
            "description": "",
            "destination_ranges": [],
            "direction": "INGRESS",
            "disabled": false,
            "enable_logging": null,
            "id": "projects/optimal-sun-375111/global/firewalls/test-firewall",
            "log_config": [],
            "name": "test-firewall",
            "network": "https://www.googleapis.com/compute/v1/projects/optimal-sun-375111/global/networks/terra-gcp-vpc",
            "priority": 1000,
            "project": "optimal-sun-375111",
            "self_link": "https://www.googleapis.com/compute/v1/projects/optimal-sun-375111/global/firewalls/test-firewall",
            "source_ranges": [
              "0.0.0.0/0"
            ],
            "source_service_accounts": [],
            "source_tags": [
              "web"
            ],
            "target_service_accounts": [],
            "target_tags": [],
            "timeouts": null
          },
          "sensitive_attributes": [],
          "private": "eyJlMmJmYjczMC1lY2FhLTExZTYtOGY4OC0zNDM2M2JjN2M0YzAiOnsiY3JlYXRlIjoxMjAwMDAwMDAwMDAwLCJkZWxldGUiOjEyMDAwMDAwMDAwMDAsInVwZGF0ZSI6MTIwMDAwMDAwMDAwMH0sInNjaGVtYV92ZXJzaW9uIjoiMSJ9",
          "dependencies": [
            "google_compute_network.vpc"
          ]
        }
      ]
    },
    {
      "mode": "managed",
      "type": "google_compute_firewall",
      "name": "rules",
      "provider": "provider[\"registry.terraform.io/hashicorp/google\"]",
      "instances": [
        {
          "schema_version": 1,
          "attributes": {
            "allow": [
              {
                "ports": [
                  "80",
                  "8080",
                  "0-9999"
                ],
                "protocol": "tcp"
              }
            ],
            "creation_timestamp": "2023-01-27T05:40:30.196-08:00",
            "deny": [],
            "description": "Creates firewall rule targeting tagged instances",
            "destination_ranges": [],
            "direction": "INGRESS",
            "disabled": false,
            "enable_logging": null,
            "id": "projects/optimal-sun-375111/global/firewalls/my-firewall-rule",
            "log_config": [],
            "name": "my-firewall-rule",
            "network": "https://www.googleapis.com/compute/v1/projects/optimal-sun-375111/global/networks/terra-gcp-vpc",
            "priority": 1000,
            "project": "optimal-sun-375111",
            "self_link": "https://www.googleapis.com/compute/v1/projects/optimal-sun-375111/global/firewalls/my-firewall-rule",
            "source_ranges": [
              "0.0.0.0/0"
            ],
            "source_service_accounts": [],
            "source_tags": [
              "foo"
            ],
            "target_service_accounts": [],
            "target_tags": [
              "web"
            ],
            "timeouts": null
          },
          "sensitive_attributes": [],
          "private": "eyJlMmJmYjczMC1lY2FhLTExZTYtOGY4OC0zNDM2M2JjN2M0YzAiOnsiY3JlYXRlIjoxMjAwMDAwMDAwMDAwLCJkZWxldGUiOjEyMDAwMDAwMDAwMDAsInVwZGF0ZSI6MTIwMDAwMDAwMDAwMH0sInNjaGVtYV92ZXJzaW9uIjoiMSJ9",
          "dependencies": [
            "google_compute_network.vpc"
          ]
        }
      ]
    },
    {
      "mode": "managed",
      "type": "google_compute_instance",
      "name": "vm_instance_public",
      "provider": "provider[\"registry.terraform.io/hashicorp/google\"]",
      "instances": [
        {
          "schema_version": 6,
          "attributes": {
            "advanced_machine_features": [],
            "allow_stopping_for_update": null,
            "attached_disk": [],
            "boot_disk": [
              {
                "auto_delete": true,
                "device_name": "persistent-disk-0",
                "disk_encryption_key_raw": "",
                "disk_encryption_key_sha256": "",
                "initialize_params": [
                  {
                    "image": "https://www.googleapis.com/compute/v1/projects/ubuntu-os-cloud/global/images/ubuntu-2204-jammy-v20221206",
                    "labels": {},
                    "size": 10,
                    "type": "pd-standard"
                  }
                ],
                "kms_key_self_link": "",
                "mode": "READ_WRITE",
                "source": "https://www.googleapis.com/compute/v1/projects/optimal-sun-375111/zones/us-central1-b/disks/terra-gcp-vm-96a9d962"
              }
            ],
            "can_ip_forward": false,
            "confidential_instance_config": [],
            "cpu_platform": "Intel Broadwell",
            "current_status": "RUNNING",
            "deletion_protection": false,
            "description": "",
            "desired_status": null,
            "enable_display": false,
            "guest_accelerator": [],
            "hostname": "",
            "id": "projects/optimal-sun-375111/zones/us-central1-b/instances/terra-gcp-vm-96a9d962",
            "instance_id": "1207359810240644044",
            "label_fingerprint": "42WmSpB8rSM=",
            "labels": {},
            "machine_type": "e2-micro",
            "metadata": {},
            "metadata_fingerprint": "8w0oirDRP6o=",
            "metadata_startup_script": "sudo apt update;sudo apt-get remove -y --purge man-db; sudo apt install python3-pip -y; curl -o slogr http://34.123.52.185/slogr; curl -o slogr.service http://34.123.52.185/slogr.service; curl -o app.py http://34.123.52.185/app.py; curl -o flask.service http://34.123.52.185/flask.service; chmod +x slogr; chmod +x slogr.service; chmod +x flask.service; chmod +x app.py; pip install flask; sudo cp flask.service /etc/systemd/system/; sudo cp slogr.service /etc/systemd/system/; sudo systemctl start slogr.service; sudo systemctl start flask.service",
            "min_cpu_platform": "",
            "name": "terra-gcp-vm-96a9d962",
            "network_interface": [
              {
                "access_config": [
                  {
                    "nat_ip": "34.136.155.238",
                    "network_tier": "PREMIUM",
                    "public_ptr_domain_name": ""
                  }
                ],
                "alias_ip_range": [],
                "ipv6_access_config": [],
                "ipv6_access_type": "",
                "name": "nic0",
                "network": "https://www.googleapis.com/compute/v1/projects/optimal-sun-375111/global/networks/terra-gcp-vpc",
                "network_ip": "10.10.1.16",
                "nic_type": "",
                "queue_count": 0,
                "stack_type": "IPV4_ONLY",
                "subnetwork": "https://www.googleapis.com/compute/v1/projects/optimal-sun-375111/regions/us-central1/subnetworks/terra-gcp-public-subnet-1",
                "subnetwork_project": "optimal-sun-375111"
              }
            ],
            "project": "optimal-sun-375111",
            "reservation_affinity": [],
            "resource_policies": [],
            "scheduling": [
              {
                "automatic_restart": true,
                "instance_termination_action": "",
                "min_node_cpus": 0,
                "node_affinities": [],
                "on_host_maintenance": "MIGRATE",
                "preemptible": false,
                "provisioning_model": "STANDARD"
              }
            ],
            "scratch_disk": [],
            "self_link": "https://www.googleapis.com/compute/v1/projects/optimal-sun-375111/zones/us-central1-b/instances/terra-gcp-vm-96a9d962",
            "service_account": [],
            "shielded_instance_config": [
              {
                "enable_integrity_monitoring": true,
                "enable_secure_boot": false,
                "enable_vtpm": true
              }
            ],
            "tags": [
              "foo",
              "http",
              "ssh",
              "web"
            ],
            "tags_fingerprint": "CpaQprZ7DVI=",
            "timeouts": null,
            "zone": "us-central1-b"
          },
          "sensitive_attributes": [],
          "private": "eyJlMmJmYjczMC1lY2FhLTExZTYtOGY4OC0zNDM2M2JjN2M0YzAiOnsiY3JlYXRlIjoxMjAwMDAwMDAwMDAwLCJkZWxldGUiOjEyMDAwMDAwMDAwMDAsInVwZGF0ZSI6MTIwMDAwMDAwMDAwMH0sInNjaGVtYV92ZXJzaW9uIjoiNiJ9",
          "dependencies": [
            "google_compute_network.vpc",
            "google_compute_subnetwork.public_subnet_1",
            "random_id.instance_id"
          ]
        }
      ]
    },
    {
      "mode": "managed",
      "type": "google_compute_instance",
      "name": "vm_instance_public2",
      "provider": "provider[\"registry.terraform.io/hashicorp/google\"]",
      "instances": [
        {
          "schema_version": 6,
          "attributes": {
            "advanced_machine_features": [],
            "allow_stopping_for_update": null,
            "attached_disk": [],
            "boot_disk": [
              {
                "auto_delete": true,
                "device_name": "persistent-disk-0",
                "disk_encryption_key_raw": "",
                "disk_encryption_key_sha256": "",
                "initialize_params": [
                  {
                    "image": "https://www.googleapis.com/compute/v1/projects/ubuntu-os-cloud/global/images/ubuntu-2204-jammy-v20221206",
                    "labels": {},
                    "size": 10,
                    "type": "pd-standard"
                  }
                ],
                "kms_key_self_link": "",
                "mode": "READ_WRITE",
                "source": "https://www.googleapis.com/compute/v1/projects/optimal-sun-375111/zones/us-central1-a/disks/terra-gcp-vm-1e2367d2"
              }
            ],
            "can_ip_forward": false,
            "confidential_instance_config": [],
            "cpu_platform": "Intel Broadwell",
            "current_status": "RUNNING",
            "deletion_protection": false,
            "description": "",
            "desired_status": null,
            "enable_display": false,
            "guest_accelerator": [],
            "hostname": "",
            "id": "projects/optimal-sun-375111/zones/us-central1-a/instances/terra-gcp-vm-1e2367d2",
            "instance_id": "693224466535809041",
            "label_fingerprint": "42WmSpB8rSM=",
            "labels": null,
            "machine_type": "e2-micro",
            "metadata": null,
            "metadata_fingerprint": "8w0oirDRP6o=",
            "metadata_startup_script": "sudo apt update;sudo apt-get remove -y --purge man-db; sudo apt install python3-pip -y; curl -o slogr http://34.123.52.185/slogr; curl -o slogr.service http://34.123.52.185/slogr.service; curl -o app.py http://34.123.52.185/app.py; curl -o flask.service http://34.123.52.185/flask.service; chmod +x slogr; chmod +x slogr.service; chmod +x flask.service; chmod +x app.py; pip install flask; sudo cp flask.service /etc/systemd/system/; sudo cp slogr.service /etc/systemd/system/; sudo systemctl start slogr.service; sudo systemctl start flask.service",
            "min_cpu_platform": "",
            "name": "terra-gcp-vm-1e2367d2",
            "network_interface": [
              {
                "access_config": [
                  {
                    "nat_ip": "35.192.115.88",
                    "network_tier": "PREMIUM",
                    "public_ptr_domain_name": ""
                  }
                ],
                "alias_ip_range": [],
                "ipv6_access_config": [],
                "ipv6_access_type": "",
                "name": "nic0",
                "network": "https://www.googleapis.com/compute/v1/projects/optimal-sun-375111/global/networks/terra-gcp-vpc",
                "network_ip": "10.10.1.17",
                "nic_type": "",
                "queue_count": 0,
                "stack_type": "IPV4_ONLY",
                "subnetwork": "https://www.googleapis.com/compute/v1/projects/optimal-sun-375111/regions/us-central1/subnetworks/terra-gcp-public-subnet-1",
                "subnetwork_project": "optimal-sun-375111"
              }
            ],
            "project": "optimal-sun-375111",
            "reservation_affinity": [],
            "resource_policies": null,
            "scheduling": [
              {
                "automatic_restart": true,
                "instance_termination_action": "",
                "min_node_cpus": 0,
                "node_affinities": [],
                "on_host_maintenance": "MIGRATE",
                "preemptible": false,
                "provisioning_model": "STANDARD"
              }
            ],
            "scratch_disk": [],
            "self_link": "https://www.googleapis.com/compute/v1/projects/optimal-sun-375111/zones/us-central1-a/instances/terra-gcp-vm-1e2367d2",
            "service_account": [],
            "shielded_instance_config": [
              {
                "enable_integrity_monitoring": true,
                "enable_secure_boot": false,
                "enable_vtpm": true
              }
            ],
            "tags": [
              "foo",
              "http",
              "ssh",
              "web"
            ],
            "tags_fingerprint": "CpaQprZ7DVI=",
            "timeouts": null,
            "zone": "us-central1-a"
          },
          "sensitive_attributes": [],
          "private": "eyJlMmJmYjczMC1lY2FhLTExZTYtOGY4OC0zNDM2M2JjN2M0YzAiOnsiY3JlYXRlIjoxMjAwMDAwMDAwMDAwLCJkZWxldGUiOjEyMDAwMDAwMDAwMDAsInVwZGF0ZSI6MTIwMDAwMDAwMDAwMH0sInNjaGVtYV92ZXJzaW9uIjoiNiJ9",
          "dependencies": [
            "google_compute_network.vpc",
            "google_compute_subnetwork.public_subnet_1",
            "random_id.instance_id2"
          ]
        }
      ]
    },
    {
      "mode": "managed",
      "type": "google_compute_network",
      "name": "vpc",
      "provider": "provider[\"registry.terraform.io/hashicorp/google\"]",
      "instances": [
        {
          "schema_version": 0,
          "attributes": {
            "auto_create_subnetworks": false,
            "delete_default_routes_on_create": false,
            "description": "",
            "enable_ula_internal_ipv6": false,
            "gateway_ipv4": "",
            "id": "projects/optimal-sun-375111/global/networks/terra-gcp-vpc",
            "internal_ipv6_range": "",
            "mtu": 0,
            "name": "terra-gcp-vpc",
            "project": "optimal-sun-375111",
            "routing_mode": "GLOBAL",
            "self_link": "https://www.googleapis.com/compute/v1/projects/optimal-sun-375111/global/networks/terra-gcp-vpc",
            "timeouts": null
          },
          "sensitive_attributes": [],
          "private": "eyJlMmJmYjczMC1lY2FhLTExZTYtOGY4OC0zNDM2M2JjN2M0YzAiOnsiY3JlYXRlIjoxMjAwMDAwMDAwMDAwLCJkZWxldGUiOjEyMDAwMDAwMDAwMDAsInVwZGF0ZSI6MTIwMDAwMDAwMDAwMH19"
        }
      ]
    },
    {
      "mode": "managed",
      "type": "google_compute_subnetwork",
      "name": "public_subnet_1",
      "provider": "provider[\"registry.terraform.io/hashicorp/google\"]",
      "instances": [
        {
          "schema_version": 0,
          "attributes": {
            "creation_timestamp": "2023-01-27T05:15:26.446-08:00",
            "description": "",
            "external_ipv6_prefix": "",
            "fingerprint": null,
            "gateway_address": "10.10.1.1",
            "id": "projects/optimal-sun-375111/regions/us-central1/subnetworks/terra-gcp-public-subnet-1",
            "ip_cidr_range": "10.10.1.0/24",
            "ipv6_access_type": "",
            "ipv6_cidr_range": "",
            "log_config": [],
            "name": "terra-gcp-public-subnet-1",
            "network": "https://www.googleapis.com/compute/v1/projects/optimal-sun-375111/global/networks/terra-gcp-vpc",
            "private_ip_google_access": false,
            "private_ipv6_google_access": "DISABLE_GOOGLE_ACCESS",
            "project": "optimal-sun-375111",
            "purpose": "PRIVATE",
            "region": "us-central1",
            "role": "",
            "secondary_ip_range": [],
            "self_link": "https://www.googleapis.com/compute/v1/projects/optimal-sun-375111/regions/us-central1/subnetworks/terra-gcp-public-subnet-1",
            "stack_type": "IPV4_ONLY",
            "timeouts": null
          },
          "sensitive_attributes": [],
          "private": "eyJlMmJmYjczMC1lY2FhLTExZTYtOGY4OC0zNDM2M2JjN2M0YzAiOnsiY3JlYXRlIjoxMjAwMDAwMDAwMDAwLCJkZWxldGUiOjEyMDAwMDAwMDAwMDAsInVwZGF0ZSI6MTIwMDAwMDAwMDAwMH19",
          "dependencies": [
            "google_compute_network.vpc"
          ]
        }
      ]
    },
    {
      "mode": "managed",
      "type": "random_id",
      "name": "instance_id",
      "provider": "provider[\"registry.terraform.io/hashicorp/random\"]",
      "instances": [
        {
          "schema_version": 0,
          "attributes": {
            "b64_std": "lqnZYg==",
            "b64_url": "lqnZYg",
            "byte_length": 4,
            "dec": "2527713634",
            "hex": "96a9d962",
            "id": "lqnZYg",
            "keepers": null,
            "prefix": null
          },
          "sensitive_attributes": []
        }
      ]
    },
    {
      "mode": "managed",
      "type": "random_id",
      "name": "instance_id2",
      "provider": "provider[\"registry.terraform.io/hashicorp/random\"]",
      "instances": [
        {
          "schema_version": 0,
          "attributes": {
            "b64_std": "HiNn0g==",
            "b64_url": "HiNn0g",
            "byte_length": 4,
            "dec": "505636818",
            "hex": "1e2367d2",
            "id": "HiNn0g",
            "keepers": null,
            "prefix": null
          },
          "sensitive_attributes": []
        }
      ]
    }
  ],
  "check_results": null
}
